
Microsoft Visual Studio Solution File, Format Version 12.00
# Visual Studio Version 16
VisualStudioVersion = 16.0.33529.622
MinimumVisualStudioVersion = 10.0.40219.1
Project("{FAE04EC0-301F-11D3-BF4B-00C04F79EFBC}") = "DvaNajgolemiBroeivNizaDesetElementi-08_06", "DvaNajgolemiBroeivNizaDesetElementi-08_06\DvaNajgolemiBroeivNizaDesetElementi-08_06.csproj", "{225A0902-1B01-48C0-8FB0-8D59F78A0A08}"
EndProject
Global
	GlobalSection(SolutionConfigurationPlatforms) = preSolution
		Debug|Any CPU = Debug|Any CPU
		Release|Any CPU = Release|Any CPU
	EndGlobalSection
	GlobalSection(ProjectConfigurationPlatforms) = postSolution
		{225A0902-1B01-48C0-8FB0-8D59F78A0A08}.Debug|Any CPU.ActiveCfg = Debug|Any CPU
		{225A0902-1B01-48C0-8FB0-8D59F78A0A08}.Debug|Any CPU.Build.0 = Debug|Any CPU
		{225A0902-1B01-48C0-8FB0-8D59F78A0A08}.Release|Any CPU.ActiveCfg = Release|Any CPU
		{225A0902-1B01-48C0-8FB0-8D59F78A0A08}.Release|Any CPU.Build.0 = Release|Any CPU
	EndGlobalSection
	GlobalSection(SolutionProperties) = preSolution
		HideSolutionNode = FALSE
	EndGlobalSection
	GlobalSection(ExtensibilityGlobals) = postSolution
		SolutionGuid = {44398A83-F714-4737-B0A6-869F7A81A7D7}
	EndGlobalSection
EndGlobal
