
Microsoft Visual Studio Solution File, Format Version 12.00
# Visual Studio Version 17
VisualStudioVersion = 17.6.33723.286
MinimumVisualStudioVersion = 10.0.40219.1
Project("{FAE04EC0-301F-11D3-BF4B-00C04F79EFBC}") = "M33. Strajk", "M33. Strajk\M33. Strajk.csproj", "{62472C45-EF54-4AB3-9599-5B63418D80D8}"
EndProject
Global
	GlobalSection(SolutionConfigurationPlatforms) = preSolution
		Debug|Any CPU = Debug|Any CPU
		Release|Any CPU = Release|Any CPU
	EndGlobalSection
	GlobalSection(ProjectConfigurationPlatforms) = postSolution
		{62472C45-EF54-4AB3-9599-5B63418D80D8}.Debug|Any CPU.ActiveCfg = Debug|Any CPU
		{62472C45-EF54-4AB3-9599-5B63418D80D8}.Debug|Any CPU.Build.0 = Debug|Any CPU
		{62472C45-EF54-4AB3-9599-5B63418D80D8}.Release|Any CPU.ActiveCfg = Release|Any CPU
		{62472C45-EF54-4AB3-9599-5B63418D80D8}.Release|Any CPU.Build.0 = Release|Any CPU
	EndGlobalSection
	GlobalSection(SolutionProperties) = preSolution
		HideSolutionNode = FALSE
	EndGlobalSection
	GlobalSection(ExtensibilityGlobals) = postSolution
		SolutionGuid = {2C7D2795-E249-4F90-8896-4DCAE4797F8D}
	EndGlobalSection
EndGlobal
