
Microsoft Visual Studio Solution File, Format Version 12.00
# Visual Studio Version 17
VisualStudioVersion = 17.6.33723.286
MinimumVisualStudioVersion = 10.0.40219.1
Project("{FAE04EC0-301F-11D3-BF4B-00C04F79EFBC}") = "M32. Pufi I Stojce", "M32. Pufi I Stojce\M32. Pufi I Stojce.csproj", "{6FB512F4-212C-4664-B38D-DBFA00C79B85}"
EndProject
Global
	GlobalSection(SolutionConfigurationPlatforms) = preSolution
		Debug|Any CPU = Debug|Any CPU
		Release|Any CPU = Release|Any CPU
	EndGlobalSection
	GlobalSection(ProjectConfigurationPlatforms) = postSolution
		{6FB512F4-212C-4664-B38D-DBFA00C79B85}.Debug|Any CPU.ActiveCfg = Debug|Any CPU
		{6FB512F4-212C-4664-B38D-DBFA00C79B85}.Debug|Any CPU.Build.0 = Debug|Any CPU
		{6FB512F4-212C-4664-B38D-DBFA00C79B85}.Release|Any CPU.ActiveCfg = Release|Any CPU
		{6FB512F4-212C-4664-B38D-DBFA00C79B85}.Release|Any CPU.Build.0 = Release|Any CPU
	EndGlobalSection
	GlobalSection(SolutionProperties) = preSolution
		HideSolutionNode = FALSE
	EndGlobalSection
	GlobalSection(ExtensibilityGlobals) = postSolution
		SolutionGuid = {5769618E-8E04-4B51-AEB7-FE4AD56739AF}
	EndGlobalSection
EndGlobal
