
Microsoft Visual Studio Solution File, Format Version 12.00
# Visual Studio Version 17
VisualStudioVersion = 17.6.33723.286
MinimumVisualStudioVersion = 10.0.40219.1
Project("{FAE04EC0-301F-11D3-BF4B-00C04F79EFBC}") = "Т2. PrezimeFibonaci", "Т2. PrezimeFibonaci\Т2. PrezimeFibonaci.csproj", "{4BC51971-8617-4D82-8654-6FAC80379850}"
EndProject
Global
	GlobalSection(SolutionConfigurationPlatforms) = preSolution
		Debug|Any CPU = Debug|Any CPU
		Release|Any CPU = Release|Any CPU
	EndGlobalSection
	GlobalSection(ProjectConfigurationPlatforms) = postSolution
		{4BC51971-8617-4D82-8654-6FAC80379850}.Debug|Any CPU.ActiveCfg = Debug|Any CPU
		{4BC51971-8617-4D82-8654-6FAC80379850}.Debug|Any CPU.Build.0 = Debug|Any CPU
		{4BC51971-8617-4D82-8654-6FAC80379850}.Release|Any CPU.ActiveCfg = Release|Any CPU
		{4BC51971-8617-4D82-8654-6FAC80379850}.Release|Any CPU.Build.0 = Release|Any CPU
	EndGlobalSection
	GlobalSection(SolutionProperties) = preSolution
		HideSolutionNode = FALSE
	EndGlobalSection
	GlobalSection(ExtensibilityGlobals) = postSolution
		SolutionGuid = {BA7D5989-CC32-4D1D-86A5-3FAC7A804129}
	EndGlobalSection
EndGlobal
