
Microsoft Visual Studio Solution File, Format Version 12.00
# Visual Studio Version 17
VisualStudioVersion = 17.6.33723.286
MinimumVisualStudioVersion = 10.0.40219.1
Project("{FAE04EC0-301F-11D3-BF4B-00C04F79EFBC}") = "sortedListKeyZgolemuva", "sortedListKeyZgolemuva\sortedListKeyZgolemuva.csproj", "{ED4C8A79-2950-4E41-B7D3-D2AD460CB42C}"
EndProject
Global
	GlobalSection(SolutionConfigurationPlatforms) = preSolution
		Debug|Any CPU = Debug|Any CPU
		Release|Any CPU = Release|Any CPU
	EndGlobalSection
	GlobalSection(ProjectConfigurationPlatforms) = postSolution
		{ED4C8A79-2950-4E41-B7D3-D2AD460CB42C}.Debug|Any CPU.ActiveCfg = Debug|Any CPU
		{ED4C8A79-2950-4E41-B7D3-D2AD460CB42C}.Debug|Any CPU.Build.0 = Debug|Any CPU
		{ED4C8A79-2950-4E41-B7D3-D2AD460CB42C}.Release|Any CPU.ActiveCfg = Release|Any CPU
		{ED4C8A79-2950-4E41-B7D3-D2AD460CB42C}.Release|Any CPU.Build.0 = Release|Any CPU
	EndGlobalSection
	GlobalSection(SolutionProperties) = preSolution
		HideSolutionNode = FALSE
	EndGlobalSection
	GlobalSection(ExtensibilityGlobals) = postSolution
		SolutionGuid = {E47DFA08-082C-48A1-81D7-0329B5BFB5FF}
	EndGlobalSection
EndGlobal
