
Microsoft Visual Studio Solution File, Format Version 12.00
# Visual Studio Version 17
VisualStudioVersion = 17.6.33829.357
MinimumVisualStudioVersion = 10.0.40219.1
Project("{FAE04EC0-301F-11D3-BF4B-00C04F79EFBC}") = "Z47. HierarchicalInheritance", "Z47. HierarchicalInheritance\Z47. HierarchicalInheritance.csproj", "{BF76CA25-3E22-4D33-AACB-7521A3A5CFAD}"
EndProject
Global
	GlobalSection(SolutionConfigurationPlatforms) = preSolution
		Debug|Any CPU = Debug|Any CPU
		Release|Any CPU = Release|Any CPU
	EndGlobalSection
	GlobalSection(ProjectConfigurationPlatforms) = postSolution
		{BF76CA25-3E22-4D33-AACB-7521A3A5CFAD}.Debug|Any CPU.ActiveCfg = Debug|Any CPU
		{BF76CA25-3E22-4D33-AACB-7521A3A5CFAD}.Debug|Any CPU.Build.0 = Debug|Any CPU
		{BF76CA25-3E22-4D33-AACB-7521A3A5CFAD}.Release|Any CPU.ActiveCfg = Release|Any CPU
		{BF76CA25-3E22-4D33-AACB-7521A3A5CFAD}.Release|Any CPU.Build.0 = Release|Any CPU
	EndGlobalSection
	GlobalSection(SolutionProperties) = preSolution
		HideSolutionNode = FALSE
	EndGlobalSection
	GlobalSection(ExtensibilityGlobals) = postSolution
		SolutionGuid = {D894661E-AC92-4E48-BB18-A914CECF7116}
	EndGlobalSection
EndGlobal
