
Microsoft Visual Studio Solution File, Format Version 12.00
# Visual Studio Version 17
VisualStudioVersion = 17.6.33723.286
MinimumVisualStudioVersion = 10.0.40219.1
Project("{FAE04EC0-301F-11D3-BF4B-00C04F79EFBC}") = "Z33. DvaNajgolemiFibonaci", "Z33. DvaNajgolemiFibonaci\Z33. DvaNajgolemiFibonaci.csproj", "{3BD93583-0336-43E8-9436-AA4F539205DF}"
EndProject
Global
	GlobalSection(SolutionConfigurationPlatforms) = preSolution
		Debug|Any CPU = Debug|Any CPU
		Release|Any CPU = Release|Any CPU
	EndGlobalSection
	GlobalSection(ProjectConfigurationPlatforms) = postSolution
		{3BD93583-0336-43E8-9436-AA4F539205DF}.Debug|Any CPU.ActiveCfg = Debug|Any CPU
		{3BD93583-0336-43E8-9436-AA4F539205DF}.Debug|Any CPU.Build.0 = Debug|Any CPU
		{3BD93583-0336-43E8-9436-AA4F539205DF}.Release|Any CPU.ActiveCfg = Release|Any CPU
		{3BD93583-0336-43E8-9436-AA4F539205DF}.Release|Any CPU.Build.0 = Release|Any CPU
	EndGlobalSection
	GlobalSection(SolutionProperties) = preSolution
		HideSolutionNode = FALSE
	EndGlobalSection
	GlobalSection(ExtensibilityGlobals) = postSolution
		SolutionGuid = {E8B61A4A-786A-4A31-A617-E13FA7D0CDB7}
	EndGlobalSection
EndGlobal
