
Microsoft Visual Studio Solution File, Format Version 12.00
# Visual Studio Version 17
VisualStudioVersion = 17.6.33723.286
MinimumVisualStudioVersion = 10.0.40219.1
Project("{FAE04EC0-301F-11D3-BF4B-00C04F79EFBC}") = "Z75. ClientPodatoci", "Z75. ClientPodatoci\Z75. ClientPodatoci.csproj", "{F1F22DE8-63AA-46F1-AB86-516213DDD52F}"
EndProject
Global
	GlobalSection(SolutionConfigurationPlatforms) = preSolution
		Debug|Any CPU = Debug|Any CPU
		Release|Any CPU = Release|Any CPU
	EndGlobalSection
	GlobalSection(ProjectConfigurationPlatforms) = postSolution
		{F1F22DE8-63AA-46F1-AB86-516213DDD52F}.Debug|Any CPU.ActiveCfg = Debug|Any CPU
		{F1F22DE8-63AA-46F1-AB86-516213DDD52F}.Debug|Any CPU.Build.0 = Debug|Any CPU
		{F1F22DE8-63AA-46F1-AB86-516213DDD52F}.Release|Any CPU.ActiveCfg = Release|Any CPU
		{F1F22DE8-63AA-46F1-AB86-516213DDD52F}.Release|Any CPU.Build.0 = Release|Any CPU
	EndGlobalSection
	GlobalSection(SolutionProperties) = preSolution
		HideSolutionNode = FALSE
	EndGlobalSection
	GlobalSection(ExtensibilityGlobals) = postSolution
		SolutionGuid = {7215C508-B494-4808-A2DD-C9EDD831FCAC}
	EndGlobalSection
EndGlobal
