
Microsoft Visual Studio Solution File, Format Version 12.00
# Visual Studio Version 17
VisualStudioVersion = 17.6.33723.286
MinimumVisualStudioVersion = 10.0.40219.1
Project("{FAE04EC0-301F-11D3-BF4B-00C04F79EFBC}") = "Z22. BrojNaRasteckiStringovi", "Z22. BrojNaRasteckiStringovi\Z22. BrojNaRasteckiStringovi.csproj", "{5C61091B-F44D-4B2F-80BB-2418AC210CDC}"
EndProject
Global
	GlobalSection(SolutionConfigurationPlatforms) = preSolution
		Debug|Any CPU = Debug|Any CPU
		Release|Any CPU = Release|Any CPU
	EndGlobalSection
	GlobalSection(ProjectConfigurationPlatforms) = postSolution
		{5C61091B-F44D-4B2F-80BB-2418AC210CDC}.Debug|Any CPU.ActiveCfg = Debug|Any CPU
		{5C61091B-F44D-4B2F-80BB-2418AC210CDC}.Debug|Any CPU.Build.0 = Debug|Any CPU
		{5C61091B-F44D-4B2F-80BB-2418AC210CDC}.Release|Any CPU.ActiveCfg = Release|Any CPU
		{5C61091B-F44D-4B2F-80BB-2418AC210CDC}.Release|Any CPU.Build.0 = Release|Any CPU
	EndGlobalSection
	GlobalSection(SolutionProperties) = preSolution
		HideSolutionNode = FALSE
	EndGlobalSection
	GlobalSection(ExtensibilityGlobals) = postSolution
		SolutionGuid = {C0AB5B92-41FF-48C7-9662-BFF78B59B66B}
	EndGlobalSection
EndGlobal
