
Microsoft Visual Studio Solution File, Format Version 12.00
# Visual Studio Version 17
VisualStudioVersion = 17.6.33815.320
MinimumVisualStudioVersion = 10.0.40219.1
Project("{FAE04EC0-301F-11D3-BF4B-00C04F79EFBC}") = "Z38. LicnostiGodiniFIbonaciDatoteka", "Z38. LicnostiGodiniFIbonaciDatoteka\Z38. LicnostiGodiniFIbonaciDatoteka.csproj", "{C3CFAEA1-77EC-4ACD-84CD-A451E75ACD5F}"
EndProject
Global
	GlobalSection(SolutionConfigurationPlatforms) = preSolution
		Debug|Any CPU = Debug|Any CPU
		Release|Any CPU = Release|Any CPU
	EndGlobalSection
	GlobalSection(ProjectConfigurationPlatforms) = postSolution
		{C3CFAEA1-77EC-4ACD-84CD-A451E75ACD5F}.Debug|Any CPU.ActiveCfg = Debug|Any CPU
		{C3CFAEA1-77EC-4ACD-84CD-A451E75ACD5F}.Debug|Any CPU.Build.0 = Debug|Any CPU
		{C3CFAEA1-77EC-4ACD-84CD-A451E75ACD5F}.Release|Any CPU.ActiveCfg = Release|Any CPU
		{C3CFAEA1-77EC-4ACD-84CD-A451E75ACD5F}.Release|Any CPU.Build.0 = Release|Any CPU
	EndGlobalSection
	GlobalSection(SolutionProperties) = preSolution
		HideSolutionNode = FALSE
	EndGlobalSection
	GlobalSection(ExtensibilityGlobals) = postSolution
		SolutionGuid = {21BC595F-F061-470B-91AA-1C3C566A75AC}
	EndGlobalSection
EndGlobal
