
Microsoft Visual Studio Solution File, Format Version 12.00
# Visual Studio Version 17
VisualStudioVersion = 17.6.33723.286
MinimumVisualStudioVersion = 10.0.40219.1
Project("{FAE04EC0-301F-11D3-BF4B-00C04F79EFBC}") = "Z41.RabotaSoDatoteki_reserve", "Z41.RabotaSoDatoteki_reserve\Z41.RabotaSoDatoteki_reserve.csproj", "{28531D6E-C042-4FF4-82AF-55A0445155D1}"
EndProject
Global
	GlobalSection(SolutionConfigurationPlatforms) = preSolution
		Debug|Any CPU = Debug|Any CPU
		Release|Any CPU = Release|Any CPU
	EndGlobalSection
	GlobalSection(ProjectConfigurationPlatforms) = postSolution
		{28531D6E-C042-4FF4-82AF-55A0445155D1}.Debug|Any CPU.ActiveCfg = Debug|Any CPU
		{28531D6E-C042-4FF4-82AF-55A0445155D1}.Debug|Any CPU.Build.0 = Debug|Any CPU
		{28531D6E-C042-4FF4-82AF-55A0445155D1}.Release|Any CPU.ActiveCfg = Release|Any CPU
		{28531D6E-C042-4FF4-82AF-55A0445155D1}.Release|Any CPU.Build.0 = Release|Any CPU
	EndGlobalSection
	GlobalSection(SolutionProperties) = preSolution
		HideSolutionNode = FALSE
	EndGlobalSection
	GlobalSection(ExtensibilityGlobals) = postSolution
		SolutionGuid = {4E474059-008F-4DCF-908D-9777EFA154A6}
	EndGlobalSection
EndGlobal
