
Microsoft Visual Studio Solution File, Format Version 12.00
# Visual Studio Version 17
VisualStudioVersion = 17.6.33815.320
MinimumVisualStudioVersion = 10.0.40219.1
Project("{FAE04EC0-301F-11D3-BF4B-00C04F79EFBC}") = "Z39. ZboroviDatotekaKarakter", "Z39. ZboroviDatotekaKarakter\Z39. ZboroviDatotekaKarakter.csproj", "{04C24A0E-E4FD-418D-97D6-A82FEF17F4F7}"
EndProject
Global
	GlobalSection(SolutionConfigurationPlatforms) = preSolution
		Debug|Any CPU = Debug|Any CPU
		Release|Any CPU = Release|Any CPU
	EndGlobalSection
	GlobalSection(ProjectConfigurationPlatforms) = postSolution
		{04C24A0E-E4FD-418D-97D6-A82FEF17F4F7}.Debug|Any CPU.ActiveCfg = Debug|Any CPU
		{04C24A0E-E4FD-418D-97D6-A82FEF17F4F7}.Debug|Any CPU.Build.0 = Debug|Any CPU
		{04C24A0E-E4FD-418D-97D6-A82FEF17F4F7}.Release|Any CPU.ActiveCfg = Release|Any CPU
		{04C24A0E-E4FD-418D-97D6-A82FEF17F4F7}.Release|Any CPU.Build.0 = Release|Any CPU
	EndGlobalSection
	GlobalSection(SolutionProperties) = preSolution
		HideSolutionNode = FALSE
	EndGlobalSection
	GlobalSection(ExtensibilityGlobals) = postSolution
		SolutionGuid = {FE831E27-BD9E-4864-AB26-540E6E91954F}
	EndGlobalSection
EndGlobal
