
Microsoft Visual Studio Solution File, Format Version 12.00
# Visual Studio Version 17
VisualStudioVersion = 17.6.33723.286
MinimumVisualStudioVersion = 10.0.40219.1
Project("{FAE04EC0-301F-11D3-BF4B-00C04F79EFBC}") = "Z15.KarakteriUnikati", "Z15.KarakteriUnikati\Z15.KarakteriUnikati.csproj", "{69C0D8AB-412F-40BD-9F9D-509C3DC74842}"
EndProject
Global
	GlobalSection(SolutionConfigurationPlatforms) = preSolution
		Debug|Any CPU = Debug|Any CPU
		Release|Any CPU = Release|Any CPU
	EndGlobalSection
	GlobalSection(ProjectConfigurationPlatforms) = postSolution
		{69C0D8AB-412F-40BD-9F9D-509C3DC74842}.Debug|Any CPU.ActiveCfg = Debug|Any CPU
		{69C0D8AB-412F-40BD-9F9D-509C3DC74842}.Debug|Any CPU.Build.0 = Debug|Any CPU
		{69C0D8AB-412F-40BD-9F9D-509C3DC74842}.Release|Any CPU.ActiveCfg = Release|Any CPU
		{69C0D8AB-412F-40BD-9F9D-509C3DC74842}.Release|Any CPU.Build.0 = Release|Any CPU
	EndGlobalSection
	GlobalSection(SolutionProperties) = preSolution
		HideSolutionNode = FALSE
	EndGlobalSection
	GlobalSection(ExtensibilityGlobals) = postSolution
		SolutionGuid = {D71B03E2-5786-43E1-8CF4-6D210CB2CFE0}
	EndGlobalSection
EndGlobal
