
Microsoft Visual Studio Solution File, Format Version 12.00
# Visual Studio Version 17
VisualStudioVersion = 17.6.33723.286
MinimumVisualStudioVersion = 10.0.40219.1
Project("{FAE04EC0-301F-11D3-BF4B-00C04F79EFBC}") = "Rekurzija", "Rekurzija\Rekurzija.csproj", "{AA425C67-2AAC-430F-9CA7-0123D6D5EE90}"
EndProject
Global
	GlobalSection(SolutionConfigurationPlatforms) = preSolution
		Debug|Any CPU = Debug|Any CPU
		Release|Any CPU = Release|Any CPU
	EndGlobalSection
	GlobalSection(ProjectConfigurationPlatforms) = postSolution
		{AA425C67-2AAC-430F-9CA7-0123D6D5EE90}.Debug|Any CPU.ActiveCfg = Debug|Any CPU
		{AA425C67-2AAC-430F-9CA7-0123D6D5EE90}.Debug|Any CPU.Build.0 = Debug|Any CPU
		{AA425C67-2AAC-430F-9CA7-0123D6D5EE90}.Release|Any CPU.ActiveCfg = Release|Any CPU
		{AA425C67-2AAC-430F-9CA7-0123D6D5EE90}.Release|Any CPU.Build.0 = Release|Any CPU
	EndGlobalSection
	GlobalSection(SolutionProperties) = preSolution
		HideSolutionNode = FALSE
	EndGlobalSection
	GlobalSection(ExtensibilityGlobals) = postSolution
		SolutionGuid = {ACCEBF6A-413B-4968-B81F-F3348B6C64D0}
	EndGlobalSection
EndGlobal
