
Microsoft Visual Studio Solution File, Format Version 12.00
# Visual Studio Version 17
VisualStudioVersion = 17.6.33723.286
MinimumVisualStudioVersion = 10.0.40219.1
Project("{FAE04EC0-301F-11D3-BF4B-00C04F79EFBC}") = "Server", "Server\Server.csproj", "{8E4851E8-D9CE-493A-8903-1784424ABEAE}"
EndProject
Global
	GlobalSection(SolutionConfigurationPlatforms) = preSolution
		Debug|Any CPU = Debug|Any CPU
		Release|Any CPU = Release|Any CPU
	EndGlobalSection
	GlobalSection(ProjectConfigurationPlatforms) = postSolution
		{8E4851E8-D9CE-493A-8903-1784424ABEAE}.Debug|Any CPU.ActiveCfg = Debug|Any CPU
		{8E4851E8-D9CE-493A-8903-1784424ABEAE}.Debug|Any CPU.Build.0 = Debug|Any CPU
		{8E4851E8-D9CE-493A-8903-1784424ABEAE}.Release|Any CPU.ActiveCfg = Release|Any CPU
		{8E4851E8-D9CE-493A-8903-1784424ABEAE}.Release|Any CPU.Build.0 = Release|Any CPU
	EndGlobalSection
	GlobalSection(SolutionProperties) = preSolution
		HideSolutionNode = FALSE
	EndGlobalSection
	GlobalSection(ExtensibilityGlobals) = postSolution
		SolutionGuid = {0DFB2026-38A6-4103-A865-0ED83D9FA212}
	EndGlobalSection
EndGlobal
