
Microsoft Visual Studio Solution File, Format Version 12.00
# Visual Studio Version 17
VisualStudioVersion = 17.6.33723.286
MinimumVisualStudioVersion = 10.0.40219.1
Project("{FAE04EC0-301F-11D3-BF4B-00C04F79EFBC}") = "prvCas1-08.06", "prvCas1-08.06\prvCas1-08.06.csproj", "{73499C6C-BEF6-4CDE-B7C1-91094923F6D8}"
EndProject
Global
	GlobalSection(SolutionConfigurationPlatforms) = preSolution
		Debug|Any CPU = Debug|Any CPU
		Release|Any CPU = Release|Any CPU
	EndGlobalSection
	GlobalSection(ProjectConfigurationPlatforms) = postSolution
		{73499C6C-BEF6-4CDE-B7C1-91094923F6D8}.Debug|Any CPU.ActiveCfg = Debug|Any CPU
		{73499C6C-BEF6-4CDE-B7C1-91094923F6D8}.Debug|Any CPU.Build.0 = Debug|Any CPU
		{73499C6C-BEF6-4CDE-B7C1-91094923F6D8}.Release|Any CPU.ActiveCfg = Release|Any CPU
		{73499C6C-BEF6-4CDE-B7C1-91094923F6D8}.Release|Any CPU.Build.0 = Release|Any CPU
	EndGlobalSection
	GlobalSection(SolutionProperties) = preSolution
		HideSolutionNode = FALSE
	EndGlobalSection
	GlobalSection(ExtensibilityGlobals) = postSolution
		SolutionGuid = {7596D829-82DC-46B8-96AC-0A15F89A4BB6}
	EndGlobalSection
EndGlobal
