
Microsoft Visual Studio Solution File, Format Version 12.00
# Visual Studio Version 17
VisualStudioVersion = 17.6.33723.286
MinimumVisualStudioVersion = 10.0.40219.1
Project("{FAE04EC0-301F-11D3-BF4B-00C04F79EFBC}") = "definirameLIstaSoNaogjaNajgBrojVoLista", "definirameLIstaSoNaogjaNajgBrojVoLista\definirameLIstaSoNaogjaNajgBrojVoLista.csproj", "{A28CE6CA-B31C-438F-8616-946DA4AAAE3B}"
EndProject
Global
	GlobalSection(SolutionConfigurationPlatforms) = preSolution
		Debug|Any CPU = Debug|Any CPU
		Release|Any CPU = Release|Any CPU
	EndGlobalSection
	GlobalSection(ProjectConfigurationPlatforms) = postSolution
		{A28CE6CA-B31C-438F-8616-946DA4AAAE3B}.Debug|Any CPU.ActiveCfg = Debug|Any CPU
		{A28CE6CA-B31C-438F-8616-946DA4AAAE3B}.Debug|Any CPU.Build.0 = Debug|Any CPU
		{A28CE6CA-B31C-438F-8616-946DA4AAAE3B}.Release|Any CPU.ActiveCfg = Release|Any CPU
		{A28CE6CA-B31C-438F-8616-946DA4AAAE3B}.Release|Any CPU.Build.0 = Release|Any CPU
	EndGlobalSection
	GlobalSection(SolutionProperties) = preSolution
		HideSolutionNode = FALSE
	EndGlobalSection
	GlobalSection(ExtensibilityGlobals) = postSolution
		SolutionGuid = {6FBFF66C-60DA-4804-9043-7314645DB616}
	EndGlobalSection
EndGlobal
