
Microsoft Visual Studio Solution File, Format Version 12.00
# Visual Studio Version 17
VisualStudioVersion = 17.6.33723.286
MinimumVisualStudioVersion = 10.0.40219.1
Project("{FAE04EC0-301F-11D3-BF4B-00C04F79EFBC}") = "moveDirectory", "moveDirectory\moveDirectory.csproj", "{A470E086-2F57-4AFC-8104-621C6018D124}"
EndProject
Global
	GlobalSection(SolutionConfigurationPlatforms) = preSolution
		Debug|Any CPU = Debug|Any CPU
		Release|Any CPU = Release|Any CPU
	EndGlobalSection
	GlobalSection(ProjectConfigurationPlatforms) = postSolution
		{A470E086-2F57-4AFC-8104-621C6018D124}.Debug|Any CPU.ActiveCfg = Debug|Any CPU
		{A470E086-2F57-4AFC-8104-621C6018D124}.Debug|Any CPU.Build.0 = Debug|Any CPU
		{A470E086-2F57-4AFC-8104-621C6018D124}.Release|Any CPU.ActiveCfg = Release|Any CPU
		{A470E086-2F57-4AFC-8104-621C6018D124}.Release|Any CPU.Build.0 = Release|Any CPU
	EndGlobalSection
	GlobalSection(SolutionProperties) = preSolution
		HideSolutionNode = FALSE
	EndGlobalSection
	GlobalSection(ExtensibilityGlobals) = postSolution
		SolutionGuid = {1447CA44-64FC-47EA-8281-0E87B6D63E11}
	EndGlobalSection
EndGlobal
