
Microsoft Visual Studio Solution File, Format Version 12.00
# Visual Studio Version 17
VisualStudioVersion = 17.6.33723.286
MinimumVisualStudioVersion = 10.0.40219.1
Project("{FAE04EC0-301F-11D3-BF4B-00C04F79EFBC}") = "Z18.NajmnoguRazlicniKarakteri", "Z18.NajmnoguRazlicniKarakteri\Z18.NajmnoguRazlicniKarakteri.csproj", "{80320254-917C-43CE-8B5D-5CD64F187F60}"
EndProject
Global
	GlobalSection(SolutionConfigurationPlatforms) = preSolution
		Debug|Any CPU = Debug|Any CPU
		Release|Any CPU = Release|Any CPU
	EndGlobalSection
	GlobalSection(ProjectConfigurationPlatforms) = postSolution
		{80320254-917C-43CE-8B5D-5CD64F187F60}.Debug|Any CPU.ActiveCfg = Debug|Any CPU
		{80320254-917C-43CE-8B5D-5CD64F187F60}.Debug|Any CPU.Build.0 = Debug|Any CPU
		{80320254-917C-43CE-8B5D-5CD64F187F60}.Release|Any CPU.ActiveCfg = Release|Any CPU
		{80320254-917C-43CE-8B5D-5CD64F187F60}.Release|Any CPU.Build.0 = Release|Any CPU
	EndGlobalSection
	GlobalSection(SolutionProperties) = preSolution
		HideSolutionNode = FALSE
	EndGlobalSection
	GlobalSection(ExtensibilityGlobals) = postSolution
		SolutionGuid = {FFD80166-CF12-45A6-B60B-16B590545AD5}
	EndGlobalSection
EndGlobal
