
Microsoft Visual Studio Solution File, Format Version 12.00
# Visual Studio Version 17
VisualStudioVersion = 17.6.33723.286
MinimumVisualStudioVersion = 10.0.40219.1
Project("{FAE04EC0-301F-11D3-BF4B-00C04F79EFBC}") = "NajgolemBroj-Lista", "NajgolemBroj-Lista\NajgolemBroj-Lista.csproj", "{C0AA407F-878C-4E4A-A487-9BE1263B8835}"
EndProject
Global
	GlobalSection(SolutionConfigurationPlatforms) = preSolution
		Debug|Any CPU = Debug|Any CPU
		Release|Any CPU = Release|Any CPU
	EndGlobalSection
	GlobalSection(ProjectConfigurationPlatforms) = postSolution
		{C0AA407F-878C-4E4A-A487-9BE1263B8835}.Debug|Any CPU.ActiveCfg = Debug|Any CPU
		{C0AA407F-878C-4E4A-A487-9BE1263B8835}.Debug|Any CPU.Build.0 = Debug|Any CPU
		{C0AA407F-878C-4E4A-A487-9BE1263B8835}.Release|Any CPU.ActiveCfg = Release|Any CPU
		{C0AA407F-878C-4E4A-A487-9BE1263B8835}.Release|Any CPU.Build.0 = Release|Any CPU
	EndGlobalSection
	GlobalSection(SolutionProperties) = preSolution
		HideSolutionNode = FALSE
	EndGlobalSection
	GlobalSection(ExtensibilityGlobals) = postSolution
		SolutionGuid = {4627EED5-8A3F-4C81-8C59-80DD16D932D5}
	EndGlobalSection
EndGlobal
