
Microsoft Visual Studio Solution File, Format Version 12.00
# Visual Studio Version 17
VisualStudioVersion = 17.6.33723.286
MinimumVisualStudioVersion = 10.0.40219.1
Project("{FAE04EC0-301F-11D3-BF4B-00C04F79EFBC}") = "3.primer-KoiSeRasteckiNizizVoListata", "3.primer-KoiSeRasteckiNizizVoListata\3.primer-KoiSeRasteckiNizizVoListata.csproj", "{62058910-D75A-43AB-BEEC-325B5B71E12A}"
EndProject
Global
	GlobalSection(SolutionConfigurationPlatforms) = preSolution
		Debug|Any CPU = Debug|Any CPU
		Release|Any CPU = Release|Any CPU
	EndGlobalSection
	GlobalSection(ProjectConfigurationPlatforms) = postSolution
		{62058910-D75A-43AB-BEEC-325B5B71E12A}.Debug|Any CPU.ActiveCfg = Debug|Any CPU
		{62058910-D75A-43AB-BEEC-325B5B71E12A}.Debug|Any CPU.Build.0 = Debug|Any CPU
		{62058910-D75A-43AB-BEEC-325B5B71E12A}.Release|Any CPU.ActiveCfg = Release|Any CPU
		{62058910-D75A-43AB-BEEC-325B5B71E12A}.Release|Any CPU.Build.0 = Release|Any CPU
	EndGlobalSection
	GlobalSection(SolutionProperties) = preSolution
		HideSolutionNode = FALSE
	EndGlobalSection
	GlobalSection(ExtensibilityGlobals) = postSolution
		SolutionGuid = {53451F28-EECD-47F6-BCC3-1DE62C54223C}
	EndGlobalSection
EndGlobal
