
Microsoft Visual Studio Solution File, Format Version 12.00
# Visual Studio Version 17
VisualStudioVersion = 17.6.33723.286
MinimumVisualStudioVersion = 10.0.40219.1
Project("{FAE04EC0-301F-11D3-BF4B-00C04F79EFBC}") = "Z51.Digtron", "Z51.Digtron\Z51.Digtron.csproj", "{4468DF54-F406-4097-9C1C-14A38740A1D4}"
EndProject
Global
	GlobalSection(SolutionConfigurationPlatforms) = preSolution
		Debug|Any CPU = Debug|Any CPU
		Release|Any CPU = Release|Any CPU
	EndGlobalSection
	GlobalSection(ProjectConfigurationPlatforms) = postSolution
		{4468DF54-F406-4097-9C1C-14A38740A1D4}.Debug|Any CPU.ActiveCfg = Debug|Any CPU
		{4468DF54-F406-4097-9C1C-14A38740A1D4}.Debug|Any CPU.Build.0 = Debug|Any CPU
		{4468DF54-F406-4097-9C1C-14A38740A1D4}.Release|Any CPU.ActiveCfg = Release|Any CPU
		{4468DF54-F406-4097-9C1C-14A38740A1D4}.Release|Any CPU.Build.0 = Release|Any CPU
	EndGlobalSection
	GlobalSection(SolutionProperties) = preSolution
		HideSolutionNode = FALSE
	EndGlobalSection
	GlobalSection(ExtensibilityGlobals) = postSolution
		SolutionGuid = {3AFBC597-2AF0-4BAD-BEC4-054694D4A15F}
	EndGlobalSection
EndGlobal
