
Microsoft Visual Studio Solution File, Format Version 12.00
# Visual Studio Version 17
VisualStudioVersion = 17.6.33723.286
MinimumVisualStudioVersion = 10.0.40219.1
Project("{FAE04EC0-301F-11D3-BF4B-00C04F79EFBC}") = "Z24. ListaBroeviNaFibonaci", "Z24. ListaBroeviNaFibonaci\Z24. ListaBroeviNaFibonaci.csproj", "{3F878C5F-1EEF-4A37-8B82-8A076781E740}"
EndProject
Global
	GlobalSection(SolutionConfigurationPlatforms) = preSolution
		Debug|Any CPU = Debug|Any CPU
		Release|Any CPU = Release|Any CPU
	EndGlobalSection
	GlobalSection(ProjectConfigurationPlatforms) = postSolution
		{3F878C5F-1EEF-4A37-8B82-8A076781E740}.Debug|Any CPU.ActiveCfg = Debug|Any CPU
		{3F878C5F-1EEF-4A37-8B82-8A076781E740}.Debug|Any CPU.Build.0 = Debug|Any CPU
		{3F878C5F-1EEF-4A37-8B82-8A076781E740}.Release|Any CPU.ActiveCfg = Release|Any CPU
		{3F878C5F-1EEF-4A37-8B82-8A076781E740}.Release|Any CPU.Build.0 = Release|Any CPU
	EndGlobalSection
	GlobalSection(SolutionProperties) = preSolution
		HideSolutionNode = FALSE
	EndGlobalSection
	GlobalSection(ExtensibilityGlobals) = postSolution
		SolutionGuid = {18E6A3D1-C861-45B7-865C-99C9B98AB9C5}
	EndGlobalSection
EndGlobal
