
Microsoft Visual Studio Solution File, Format Version 12.00
# Visual Studio Version 17
VisualStudioVersion = 17.6.33723.286
MinimumVisualStudioVersion = 10.0.40219.1
Project("{FAE04EC0-301F-11D3-BF4B-00C04F79EFBC}") = "BrojNaRasteckiStringovi-myExcercise", "BrojNaRasteckiStringovi-myExcercise\BrojNaRasteckiStringovi-myExcercise.csproj", "{DF9879D9-F002-4177-84B9-3E0F37CC6A11}"
EndProject
Global
	GlobalSection(SolutionConfigurationPlatforms) = preSolution
		Debug|Any CPU = Debug|Any CPU
		Release|Any CPU = Release|Any CPU
	EndGlobalSection
	GlobalSection(ProjectConfigurationPlatforms) = postSolution
		{DF9879D9-F002-4177-84B9-3E0F37CC6A11}.Debug|Any CPU.ActiveCfg = Debug|Any CPU
		{DF9879D9-F002-4177-84B9-3E0F37CC6A11}.Debug|Any CPU.Build.0 = Debug|Any CPU
		{DF9879D9-F002-4177-84B9-3E0F37CC6A11}.Release|Any CPU.ActiveCfg = Release|Any CPU
		{DF9879D9-F002-4177-84B9-3E0F37CC6A11}.Release|Any CPU.Build.0 = Release|Any CPU
	EndGlobalSection
	GlobalSection(SolutionProperties) = preSolution
		HideSolutionNode = FALSE
	EndGlobalSection
	GlobalSection(ExtensibilityGlobals) = postSolution
		SolutionGuid = {D51CC5FC-5D94-4017-97DF-8F30C0CD5A79}
	EndGlobalSection
EndGlobal
