
Microsoft Visual Studio Solution File, Format Version 12.00
# Visual Studio Version 17
VisualStudioVersion = 17.6.33723.286
MinimumVisualStudioVersion = 10.0.40219.1
Project("{FAE04EC0-301F-11D3-BF4B-00C04F79EFBC}") = "Client1", "Client1\Client1.csproj", "{35D4E1D5-6442-40E2-B71D-41D69E65229B}"
EndProject
Global
	GlobalSection(SolutionConfigurationPlatforms) = preSolution
		Debug|Any CPU = Debug|Any CPU
		Release|Any CPU = Release|Any CPU
	EndGlobalSection
	GlobalSection(ProjectConfigurationPlatforms) = postSolution
		{35D4E1D5-6442-40E2-B71D-41D69E65229B}.Debug|Any CPU.ActiveCfg = Debug|Any CPU
		{35D4E1D5-6442-40E2-B71D-41D69E65229B}.Debug|Any CPU.Build.0 = Debug|Any CPU
		{35D4E1D5-6442-40E2-B71D-41D69E65229B}.Release|Any CPU.ActiveCfg = Release|Any CPU
		{35D4E1D5-6442-40E2-B71D-41D69E65229B}.Release|Any CPU.Build.0 = Release|Any CPU
	EndGlobalSection
	GlobalSection(SolutionProperties) = preSolution
		HideSolutionNode = FALSE
	EndGlobalSection
	GlobalSection(ExtensibilityGlobals) = postSolution
		SolutionGuid = {03CB9474-0D2B-4609-933B-D202B9894508}
	EndGlobalSection
EndGlobal
