
Microsoft Visual Studio Solution File, Format Version 12.00
# Visual Studio Version 17
VisualStudioVersion = 17.6.33723.286
MinimumVisualStudioVersion = 10.0.40219.1
Project("{FAE04EC0-301F-11D3-BF4B-00C04F79EFBC}") = "Z27. MetodNajnoguUnikati", "Z27. MetodNajnoguUnikati\Z27. MetodNajnoguUnikati.csproj", "{6F26AD52-BB9F-418E-B0C8-718755B0182F}"
EndProject
Global
	GlobalSection(SolutionConfigurationPlatforms) = preSolution
		Debug|Any CPU = Debug|Any CPU
		Release|Any CPU = Release|Any CPU
	EndGlobalSection
	GlobalSection(ProjectConfigurationPlatforms) = postSolution
		{6F26AD52-BB9F-418E-B0C8-718755B0182F}.Debug|Any CPU.ActiveCfg = Debug|Any CPU
		{6F26AD52-BB9F-418E-B0C8-718755B0182F}.Debug|Any CPU.Build.0 = Debug|Any CPU
		{6F26AD52-BB9F-418E-B0C8-718755B0182F}.Release|Any CPU.ActiveCfg = Release|Any CPU
		{6F26AD52-BB9F-418E-B0C8-718755B0182F}.Release|Any CPU.Build.0 = Release|Any CPU
	EndGlobalSection
	GlobalSection(SolutionProperties) = preSolution
		HideSolutionNode = FALSE
	EndGlobalSection
	GlobalSection(ExtensibilityGlobals) = postSolution
		SolutionGuid = {468BF0AD-2E91-4120-8DF7-9478B24AF4CD}
	EndGlobalSection
EndGlobal
