
Microsoft Visual Studio Solution File, Format Version 12.00
# Visual Studio Version 17
VisualStudioVersion = 17.6.33723.286
MinimumVisualStudioVersion = 10.0.40219.1
Project("{FAE04EC0-301F-11D3-BF4B-00C04F79EFBC}") = "gotovi-metodi-Sort-Reverse-CompareTo-Insert", "gotovi-metodi-Sort-Reverse-CompareTo-Insert\gotovi-metodi-Sort-Reverse-CompareTo-Insert.csproj", "{8DEDF3AB-ACB8-4ACF-B5F8-038AC914D449}"
EndProject
Global
	GlobalSection(SolutionConfigurationPlatforms) = preSolution
		Debug|Any CPU = Debug|Any CPU
		Release|Any CPU = Release|Any CPU
	EndGlobalSection
	GlobalSection(ProjectConfigurationPlatforms) = postSolution
		{8DEDF3AB-ACB8-4ACF-B5F8-038AC914D449}.Debug|Any CPU.ActiveCfg = Debug|Any CPU
		{8DEDF3AB-ACB8-4ACF-B5F8-038AC914D449}.Debug|Any CPU.Build.0 = Debug|Any CPU
		{8DEDF3AB-ACB8-4ACF-B5F8-038AC914D449}.Release|Any CPU.ActiveCfg = Release|Any CPU
		{8DEDF3AB-ACB8-4ACF-B5F8-038AC914D449}.Release|Any CPU.Build.0 = Release|Any CPU
	EndGlobalSection
	GlobalSection(SolutionProperties) = preSolution
		HideSolutionNode = FALSE
	EndGlobalSection
	GlobalSection(ExtensibilityGlobals) = postSolution
		SolutionGuid = {F7703F9C-6466-4957-9A26-0F0E3E220266}
	EndGlobalSection
EndGlobal
