
Microsoft Visual Studio Solution File, Format Version 12.00
# Visual Studio Version 17
VisualStudioVersion = 17.6.33723.286
MinimumVisualStudioVersion = 10.0.40219.1
Project("{FAE04EC0-301F-11D3-BF4B-00C04F79EFBC}") = "Primer1", "Primer1\Primer1.csproj", "{3BB68D5E-D64C-4C16-AB2C-B3F6F399F957}"
EndProject
Global
	GlobalSection(SolutionConfigurationPlatforms) = preSolution
		Debug|Any CPU = Debug|Any CPU
		Release|Any CPU = Release|Any CPU
	EndGlobalSection
	GlobalSection(ProjectConfigurationPlatforms) = postSolution
		{3BB68D5E-D64C-4C16-AB2C-B3F6F399F957}.Debug|Any CPU.ActiveCfg = Debug|Any CPU
		{3BB68D5E-D64C-4C16-AB2C-B3F6F399F957}.Debug|Any CPU.Build.0 = Debug|Any CPU
		{3BB68D5E-D64C-4C16-AB2C-B3F6F399F957}.Release|Any CPU.ActiveCfg = Release|Any CPU
		{3BB68D5E-D64C-4C16-AB2C-B3F6F399F957}.Release|Any CPU.Build.0 = Release|Any CPU
	EndGlobalSection
	GlobalSection(SolutionProperties) = preSolution
		HideSolutionNode = FALSE
	EndGlobalSection
	GlobalSection(ExtensibilityGlobals) = postSolution
		SolutionGuid = {9AE93A8D-C9B8-4044-B2DC-C57A8E2DB454}
	EndGlobalSection
EndGlobal
