
Microsoft Visual Studio Solution File, Format Version 12.00
# Visual Studio Version 17
VisualStudioVersion = 17.6.33815.320
MinimumVisualStudioVersion = 10.0.40219.1
Project("{FAE04EC0-301F-11D3-BF4B-00C04F79EFBC}") = "Event", "Event\Event.csproj", "{8B641080-DCAA-41A5-8134-59B59C9F6A2C}"
EndProject
Global
	GlobalSection(SolutionConfigurationPlatforms) = preSolution
		Debug|Any CPU = Debug|Any CPU
		Release|Any CPU = Release|Any CPU
	EndGlobalSection
	GlobalSection(ProjectConfigurationPlatforms) = postSolution
		{8B641080-DCAA-41A5-8134-59B59C9F6A2C}.Debug|Any CPU.ActiveCfg = Debug|Any CPU
		{8B641080-DCAA-41A5-8134-59B59C9F6A2C}.Debug|Any CPU.Build.0 = Debug|Any CPU
		{8B641080-DCAA-41A5-8134-59B59C9F6A2C}.Release|Any CPU.ActiveCfg = Release|Any CPU
		{8B641080-DCAA-41A5-8134-59B59C9F6A2C}.Release|Any CPU.Build.0 = Release|Any CPU
	EndGlobalSection
	GlobalSection(SolutionProperties) = preSolution
		HideSolutionNode = FALSE
	EndGlobalSection
	GlobalSection(ExtensibilityGlobals) = postSolution
		SolutionGuid = {3BB3DACA-F999-49C6-B555-FAA93CCC12F1}
	EndGlobalSection
EndGlobal
