
Microsoft Visual Studio Solution File, Format Version 12.00
# Visual Studio Version 17
VisualStudioVersion = 17.6.33829.357
MinimumVisualStudioVersion = 10.0.40219.1
Project("{FAE04EC0-301F-11D3-BF4B-00C04F79EFBC}") = "RaspredelvanjeVoRazlicniDadoteki", "RaspredelvanjeVoRazlicniDadoteki\RaspredelvanjeVoRazlicniDadoteki.csproj", "{16357FC1-7C66-46B6-85A4-B6DE38207D6C}"
EndProject
Global
	GlobalSection(SolutionConfigurationPlatforms) = preSolution
		Debug|Any CPU = Debug|Any CPU
		Release|Any CPU = Release|Any CPU
	EndGlobalSection
	GlobalSection(ProjectConfigurationPlatforms) = postSolution
		{16357FC1-7C66-46B6-85A4-B6DE38207D6C}.Debug|Any CPU.ActiveCfg = Debug|Any CPU
		{16357FC1-7C66-46B6-85A4-B6DE38207D6C}.Debug|Any CPU.Build.0 = Debug|Any CPU
		{16357FC1-7C66-46B6-85A4-B6DE38207D6C}.Release|Any CPU.ActiveCfg = Release|Any CPU
		{16357FC1-7C66-46B6-85A4-B6DE38207D6C}.Release|Any CPU.Build.0 = Release|Any CPU
	EndGlobalSection
	GlobalSection(SolutionProperties) = preSolution
		HideSolutionNode = FALSE
	EndGlobalSection
	GlobalSection(ExtensibilityGlobals) = postSolution
		SolutionGuid = {2D0D4323-6A75-48C4-81BB-A5EDB2852CC7}
	EndGlobalSection
EndGlobal
