
Microsoft Visual Studio Solution File, Format Version 12.00
# Visual Studio Version 17
VisualStudioVersion = 17.6.33829.357
MinimumVisualStudioVersion = 10.0.40219.1
Project("{FAE04EC0-301F-11D3-BF4B-00C04F79EFBC}") = "ConsoleApp2", "ConsoleApp2\ConsoleApp2.csproj", "{FEA6887F-07AC-401D-98B1-70B3D212AF86}"
EndProject
Global
	GlobalSection(SolutionConfigurationPlatforms) = preSolution
		Debug|Any CPU = Debug|Any CPU
		Release|Any CPU = Release|Any CPU
	EndGlobalSection
	GlobalSection(ProjectConfigurationPlatforms) = postSolution
		{FEA6887F-07AC-401D-98B1-70B3D212AF86}.Debug|Any CPU.ActiveCfg = Debug|Any CPU
		{FEA6887F-07AC-401D-98B1-70B3D212AF86}.Debug|Any CPU.Build.0 = Debug|Any CPU
		{FEA6887F-07AC-401D-98B1-70B3D212AF86}.Release|Any CPU.ActiveCfg = Release|Any CPU
		{FEA6887F-07AC-401D-98B1-70B3D212AF86}.Release|Any CPU.Build.0 = Release|Any CPU
	EndGlobalSection
	GlobalSection(SolutionProperties) = preSolution
		HideSolutionNode = FALSE
	EndGlobalSection
	GlobalSection(ExtensibilityGlobals) = postSolution
		SolutionGuid = {D4A082C2-7309-422E-B281-86F01C5D3E94}
	EndGlobalSection
EndGlobal
