
Microsoft Visual Studio Solution File, Format Version 12.00
# Visual Studio Version 17
VisualStudioVersion = 17.6.33723.286
MinimumVisualStudioVersion = 10.0.40219.1
Project("{FAE04EC0-301F-11D3-BF4B-00C04F79EFBC}") = "Dictionary-ContainsKey-TryGetValue", "Dictionary-ContainsKey-TryGetValue\Dictionary-ContainsKey-TryGetValue.csproj", "{78672ECE-C7FA-464D-8C11-17AC01BFBBA5}"
EndProject
Global
	GlobalSection(SolutionConfigurationPlatforms) = preSolution
		Debug|Any CPU = Debug|Any CPU
		Release|Any CPU = Release|Any CPU
	EndGlobalSection
	GlobalSection(ProjectConfigurationPlatforms) = postSolution
		{78672ECE-C7FA-464D-8C11-17AC01BFBBA5}.Debug|Any CPU.ActiveCfg = Debug|Any CPU
		{78672ECE-C7FA-464D-8C11-17AC01BFBBA5}.Debug|Any CPU.Build.0 = Debug|Any CPU
		{78672ECE-C7FA-464D-8C11-17AC01BFBBA5}.Release|Any CPU.ActiveCfg = Release|Any CPU
		{78672ECE-C7FA-464D-8C11-17AC01BFBBA5}.Release|Any CPU.Build.0 = Release|Any CPU
	EndGlobalSection
	GlobalSection(SolutionProperties) = preSolution
		HideSolutionNode = FALSE
	EndGlobalSection
	GlobalSection(ExtensibilityGlobals) = postSolution
		SolutionGuid = {51C9F6EA-77F5-492B-8C18-06AEA5154420}
	EndGlobalSection
EndGlobal
