
Microsoft Visual Studio Solution File, Format Version 12.00
# Visual Studio Version 17
VisualStudioVersion = 17.6.33723.286
MinimumVisualStudioVersion = 10.0.40219.1
Project("{FAE04EC0-301F-11D3-BF4B-00C04F79EFBC}") = "M34. Bulevar", "M34. Bulevar\M34. Bulevar.csproj", "{71232937-F0B3-4738-9BC6-DAA3194734E8}"
EndProject
Global
	GlobalSection(SolutionConfigurationPlatforms) = preSolution
		Debug|Any CPU = Debug|Any CPU
		Release|Any CPU = Release|Any CPU
	EndGlobalSection
	GlobalSection(ProjectConfigurationPlatforms) = postSolution
		{71232937-F0B3-4738-9BC6-DAA3194734E8}.Debug|Any CPU.ActiveCfg = Debug|Any CPU
		{71232937-F0B3-4738-9BC6-DAA3194734E8}.Debug|Any CPU.Build.0 = Debug|Any CPU
		{71232937-F0B3-4738-9BC6-DAA3194734E8}.Release|Any CPU.ActiveCfg = Release|Any CPU
		{71232937-F0B3-4738-9BC6-DAA3194734E8}.Release|Any CPU.Build.0 = Release|Any CPU
	EndGlobalSection
	GlobalSection(SolutionProperties) = preSolution
		HideSolutionNode = FALSE
	EndGlobalSection
	GlobalSection(ExtensibilityGlobals) = postSolution
		SolutionGuid = {A288D66B-EE68-4178-ADD4-3828D3565F00}
	EndGlobalSection
EndGlobal
