
Microsoft Visual Studio Solution File, Format Version 12.00
# Visual Studio Version 17
VisualStudioVersion = 17.6.33723.286
MinimumVisualStudioVersion = 10.0.40219.1
Project("{FAE04EC0-301F-11D3-BF4B-00C04F79EFBC}") = "PodatociMemoriraniVoLista-Rekurzija", "PodatociMemoriraniVoLista-Rekurzija\PodatociMemoriraniVoLista-Rekurzija.csproj", "{1202CE38-4458-4799-9306-EB7BB0548A7C}"
EndProject
Global
	GlobalSection(SolutionConfigurationPlatforms) = preSolution
		Debug|Any CPU = Debug|Any CPU
		Release|Any CPU = Release|Any CPU
	EndGlobalSection
	GlobalSection(ProjectConfigurationPlatforms) = postSolution
		{1202CE38-4458-4799-9306-EB7BB0548A7C}.Debug|Any CPU.ActiveCfg = Debug|Any CPU
		{1202CE38-4458-4799-9306-EB7BB0548A7C}.Debug|Any CPU.Build.0 = Debug|Any CPU
		{1202CE38-4458-4799-9306-EB7BB0548A7C}.Release|Any CPU.ActiveCfg = Release|Any CPU
		{1202CE38-4458-4799-9306-EB7BB0548A7C}.Release|Any CPU.Build.0 = Release|Any CPU
	EndGlobalSection
	GlobalSection(SolutionProperties) = preSolution
		HideSolutionNode = FALSE
	EndGlobalSection
	GlobalSection(ExtensibilityGlobals) = postSolution
		SolutionGuid = {407CD38D-DB75-4027-B916-C25B6D403E87}
	EndGlobalSection
EndGlobal
