
Microsoft Visual Studio Solution File, Format Version 12.00
# Visual Studio Version 17
VisualStudioVersion = 17.6.33723.286
MinimumVisualStudioVersion = 10.0.40219.1
Project("{FAE04EC0-301F-11D3-BF4B-00C04F79EFBC}") = "Z42.ListMetodaDatoteka", "Z42.ListMetodaDatoteka\Z42.ListMetodaDatoteka.csproj", "{0A6D7F75-F953-4DE4-9798-88B0229A9FAD}"
EndProject
Global
	GlobalSection(SolutionConfigurationPlatforms) = preSolution
		Debug|Any CPU = Debug|Any CPU
		Release|Any CPU = Release|Any CPU
	EndGlobalSection
	GlobalSection(ProjectConfigurationPlatforms) = postSolution
		{0A6D7F75-F953-4DE4-9798-88B0229A9FAD}.Debug|Any CPU.ActiveCfg = Debug|Any CPU
		{0A6D7F75-F953-4DE4-9798-88B0229A9FAD}.Debug|Any CPU.Build.0 = Debug|Any CPU
		{0A6D7F75-F953-4DE4-9798-88B0229A9FAD}.Release|Any CPU.ActiveCfg = Release|Any CPU
		{0A6D7F75-F953-4DE4-9798-88B0229A9FAD}.Release|Any CPU.Build.0 = Release|Any CPU
	EndGlobalSection
	GlobalSection(SolutionProperties) = preSolution
		HideSolutionNode = FALSE
	EndGlobalSection
	GlobalSection(ExtensibilityGlobals) = postSolution
		SolutionGuid = {20E738E0-8547-4B21-AE84-66D8DEF9393D}
	EndGlobalSection
EndGlobal
