
Microsoft Visual Studio Solution File, Format Version 12.00
# Visual Studio Version 17
VisualStudioVersion = 17.6.33723.286
MinimumVisualStudioVersion = 10.0.40219.1
Project("{FAE04EC0-301F-11D3-BF4B-00C04F79EFBC}") = "M25. Koalicija", "M25. Koalicija\M25. Koalicija.csproj", "{A61A7F59-FC8B-40CF-AA6D-36BE9DF6652F}"
EndProject
Global
	GlobalSection(SolutionConfigurationPlatforms) = preSolution
		Debug|Any CPU = Debug|Any CPU
		Release|Any CPU = Release|Any CPU
	EndGlobalSection
	GlobalSection(ProjectConfigurationPlatforms) = postSolution
		{A61A7F59-FC8B-40CF-AA6D-36BE9DF6652F}.Debug|Any CPU.ActiveCfg = Debug|Any CPU
		{A61A7F59-FC8B-40CF-AA6D-36BE9DF6652F}.Debug|Any CPU.Build.0 = Debug|Any CPU
		{A61A7F59-FC8B-40CF-AA6D-36BE9DF6652F}.Release|Any CPU.ActiveCfg = Release|Any CPU
		{A61A7F59-FC8B-40CF-AA6D-36BE9DF6652F}.Release|Any CPU.Build.0 = Release|Any CPU
	EndGlobalSection
	GlobalSection(SolutionProperties) = preSolution
		HideSolutionNode = FALSE
	EndGlobalSection
	GlobalSection(ExtensibilityGlobals) = postSolution
		SolutionGuid = {5F8B73A0-1A51-477A-9072-DFC4893D02E6}
	EndGlobalSection
EndGlobal
