
Microsoft Visual Studio Solution File, Format Version 12.00
# Visual Studio Version 17
VisualStudioVersion = 17.6.33723.286
MinimumVisualStudioVersion = 10.0.40219.1
Project("{FAE04EC0-301F-11D3-BF4B-00C04F79EFBC}") = "Z65.Ocenki", "Z65.Ocenki\Z65.Ocenki.csproj", "{0CB9E96D-DB4E-4F18-A4BC-EF22D9C45260}"
EndProject
Global
	GlobalSection(SolutionConfigurationPlatforms) = preSolution
		Debug|Any CPU = Debug|Any CPU
		Release|Any CPU = Release|Any CPU
	EndGlobalSection
	GlobalSection(ProjectConfigurationPlatforms) = postSolution
		{0CB9E96D-DB4E-4F18-A4BC-EF22D9C45260}.Debug|Any CPU.ActiveCfg = Debug|Any CPU
		{0CB9E96D-DB4E-4F18-A4BC-EF22D9C45260}.Debug|Any CPU.Build.0 = Debug|Any CPU
		{0CB9E96D-DB4E-4F18-A4BC-EF22D9C45260}.Release|Any CPU.ActiveCfg = Release|Any CPU
		{0CB9E96D-DB4E-4F18-A4BC-EF22D9C45260}.Release|Any CPU.Build.0 = Release|Any CPU
	EndGlobalSection
	GlobalSection(SolutionProperties) = preSolution
		HideSolutionNode = FALSE
	EndGlobalSection
	GlobalSection(ExtensibilityGlobals) = postSolution
		SolutionGuid = {EAFF2B5D-032B-491B-A862-1F9448EEA5F8}
	EndGlobalSection
EndGlobal
