
Microsoft Visual Studio Solution File, Format Version 12.00
# Visual Studio Version 17
VisualStudioVersion = 17.6.33723.286
MinimumVisualStudioVersion = 10.0.40219.1
Project("{FAE04EC0-301F-11D3-BF4B-00C04F79EFBC}") = "Z44. Namespace", "Z44. Namespace\Z44. Namespace.csproj", "{6B76A3A0-A012-4D0D-BECE-A814C2E1B6EE}"
EndProject
Global
	GlobalSection(SolutionConfigurationPlatforms) = preSolution
		Debug|Any CPU = Debug|Any CPU
		Release|Any CPU = Release|Any CPU
	EndGlobalSection
	GlobalSection(ProjectConfigurationPlatforms) = postSolution
		{6B76A3A0-A012-4D0D-BECE-A814C2E1B6EE}.Debug|Any CPU.ActiveCfg = Debug|Any CPU
		{6B76A3A0-A012-4D0D-BECE-A814C2E1B6EE}.Debug|Any CPU.Build.0 = Debug|Any CPU
		{6B76A3A0-A012-4D0D-BECE-A814C2E1B6EE}.Release|Any CPU.ActiveCfg = Release|Any CPU
		{6B76A3A0-A012-4D0D-BECE-A814C2E1B6EE}.Release|Any CPU.Build.0 = Release|Any CPU
	EndGlobalSection
	GlobalSection(SolutionProperties) = preSolution
		HideSolutionNode = FALSE
	EndGlobalSection
	GlobalSection(ExtensibilityGlobals) = postSolution
		SolutionGuid = {33EBF505-AA85-4994-99E3-FD01E7603F18}
	EndGlobalSection
EndGlobal
