
Microsoft Visual Studio Solution File, Format Version 12.00
# Visual Studio Version 17
VisualStudioVersion = 17.6.33723.286
MinimumVisualStudioVersion = 10.0.40219.1
Project("{FAE04EC0-301F-11D3-BF4B-00C04F79EFBC}") = "Hashtable-keys", "Hashtable-keys\Hashtable-keys.csproj", "{A97E9460-3FCE-4C7E-B7F6-5B36160B14D4}"
EndProject
Global
	GlobalSection(SolutionConfigurationPlatforms) = preSolution
		Debug|Any CPU = Debug|Any CPU
		Release|Any CPU = Release|Any CPU
	EndGlobalSection
	GlobalSection(ProjectConfigurationPlatforms) = postSolution
		{A97E9460-3FCE-4C7E-B7F6-5B36160B14D4}.Debug|Any CPU.ActiveCfg = Debug|Any CPU
		{A97E9460-3FCE-4C7E-B7F6-5B36160B14D4}.Debug|Any CPU.Build.0 = Debug|Any CPU
		{A97E9460-3FCE-4C7E-B7F6-5B36160B14D4}.Release|Any CPU.ActiveCfg = Release|Any CPU
		{A97E9460-3FCE-4C7E-B7F6-5B36160B14D4}.Release|Any CPU.Build.0 = Release|Any CPU
	EndGlobalSection
	GlobalSection(SolutionProperties) = preSolution
		HideSolutionNode = FALSE
	EndGlobalSection
	GlobalSection(ExtensibilityGlobals) = postSolution
		SolutionGuid = {2FFE0D5C-74B0-4BDC-A3EA-3DFE2CD75386}
	EndGlobalSection
EndGlobal
