
Microsoft Visual Studio Solution File, Format Version 12.00
# Visual Studio Version 17
VisualStudioVersion = 17.6.33723.286
MinimumVisualStudioVersion = 10.0.40219.1
Project("{FAE04EC0-301F-11D3-BF4B-00C04F79EFBC}") = "Client", "Client\Client.csproj", "{38B6B32D-9F84-4E60-A512-06853083649E}"
EndProject
Global
	GlobalSection(SolutionConfigurationPlatforms) = preSolution
		Debug|Any CPU = Debug|Any CPU
		Release|Any CPU = Release|Any CPU
	EndGlobalSection
	GlobalSection(ProjectConfigurationPlatforms) = postSolution
		{38B6B32D-9F84-4E60-A512-06853083649E}.Debug|Any CPU.ActiveCfg = Debug|Any CPU
		{38B6B32D-9F84-4E60-A512-06853083649E}.Debug|Any CPU.Build.0 = Debug|Any CPU
		{38B6B32D-9F84-4E60-A512-06853083649E}.Release|Any CPU.ActiveCfg = Release|Any CPU
		{38B6B32D-9F84-4E60-A512-06853083649E}.Release|Any CPU.Build.0 = Release|Any CPU
	EndGlobalSection
	GlobalSection(SolutionProperties) = preSolution
		HideSolutionNode = FALSE
	EndGlobalSection
	GlobalSection(ExtensibilityGlobals) = postSolution
		SolutionGuid = {4200DE3B-70D8-4006-9900-525C2BDA7521}
	EndGlobalSection
EndGlobal
