
Microsoft Visual Studio Solution File, Format Version 12.00
# Visual Studio Version 17
VisualStudioVersion = 17.6.33723.286
MinimumVisualStudioVersion = 10.0.40219.1
Project("{FAE04EC0-301F-11D3-BF4B-00C04F79EFBC}") = "Z19.ListaStringFibonaci", "Z19.ListaStringFibonaci\Z19.ListaStringFibonaci.csproj", "{6AEAA8EE-5E0B-4E99-B1E8-5D5E28BE3127}"
EndProject
Global
	GlobalSection(SolutionConfigurationPlatforms) = preSolution
		Debug|Any CPU = Debug|Any CPU
		Release|Any CPU = Release|Any CPU
	EndGlobalSection
	GlobalSection(ProjectConfigurationPlatforms) = postSolution
		{6AEAA8EE-5E0B-4E99-B1E8-5D5E28BE3127}.Debug|Any CPU.ActiveCfg = Debug|Any CPU
		{6AEAA8EE-5E0B-4E99-B1E8-5D5E28BE3127}.Debug|Any CPU.Build.0 = Debug|Any CPU
		{6AEAA8EE-5E0B-4E99-B1E8-5D5E28BE3127}.Release|Any CPU.ActiveCfg = Release|Any CPU
		{6AEAA8EE-5E0B-4E99-B1E8-5D5E28BE3127}.Release|Any CPU.Build.0 = Release|Any CPU
	EndGlobalSection
	GlobalSection(SolutionProperties) = preSolution
		HideSolutionNode = FALSE
	EndGlobalSection
	GlobalSection(ExtensibilityGlobals) = postSolution
		SolutionGuid = {BE482D29-B7AA-405C-BE76-A7B88BEFBFD3}
	EndGlobalSection
EndGlobal
