
Microsoft Visual Studio Solution File, Format Version 12.00
# Visual Studio Version 17
VisualStudioVersion = 17.6.33723.286
MinimumVisualStudioVersion = 10.0.40219.1
Project("{FAE04EC0-301F-11D3-BF4B-00C04F79EFBC}") = "M22. Banani I jabolka", "M22. Banani I jabolka\M22. Banani I jabolka.csproj", "{1493CF7F-91C6-4F8D-820E-283A66CCBF26}"
EndProject
Global
	GlobalSection(SolutionConfigurationPlatforms) = preSolution
		Debug|Any CPU = Debug|Any CPU
		Release|Any CPU = Release|Any CPU
	EndGlobalSection
	GlobalSection(ProjectConfigurationPlatforms) = postSolution
		{1493CF7F-91C6-4F8D-820E-283A66CCBF26}.Debug|Any CPU.ActiveCfg = Debug|Any CPU
		{1493CF7F-91C6-4F8D-820E-283A66CCBF26}.Debug|Any CPU.Build.0 = Debug|Any CPU
		{1493CF7F-91C6-4F8D-820E-283A66CCBF26}.Release|Any CPU.ActiveCfg = Release|Any CPU
		{1493CF7F-91C6-4F8D-820E-283A66CCBF26}.Release|Any CPU.Build.0 = Release|Any CPU
	EndGlobalSection
	GlobalSection(SolutionProperties) = preSolution
		HideSolutionNode = FALSE
	EndGlobalSection
	GlobalSection(ExtensibilityGlobals) = postSolution
		SolutionGuid = {808AC60F-1263-4A86-9291-DD4947E33708}
	EndGlobalSection
EndGlobal
