
Microsoft Visual Studio Solution File, Format Version 12.00
# Visual Studio Version 17
VisualStudioVersion = 17.6.33723.286
MinimumVisualStudioVersion = 10.0.40219.1
Project("{FAE04EC0-301F-11D3-BF4B-00C04F79EFBC}") = "ClientExcel", "ClientExcel\ClientExcel.csproj", "{1DCF9D3E-A073-48FE-9CD4-18315C9A9CA0}"
EndProject
Global
	GlobalSection(SolutionConfigurationPlatforms) = preSolution
		Debug|Any CPU = Debug|Any CPU
		Release|Any CPU = Release|Any CPU
	EndGlobalSection
	GlobalSection(ProjectConfigurationPlatforms) = postSolution
		{1DCF9D3E-A073-48FE-9CD4-18315C9A9CA0}.Debug|Any CPU.ActiveCfg = Debug|Any CPU
		{1DCF9D3E-A073-48FE-9CD4-18315C9A9CA0}.Debug|Any CPU.Build.0 = Debug|Any CPU
		{1DCF9D3E-A073-48FE-9CD4-18315C9A9CA0}.Release|Any CPU.ActiveCfg = Release|Any CPU
		{1DCF9D3E-A073-48FE-9CD4-18315C9A9CA0}.Release|Any CPU.Build.0 = Release|Any CPU
	EndGlobalSection
	GlobalSection(SolutionProperties) = preSolution
		HideSolutionNode = FALSE
	EndGlobalSection
	GlobalSection(ExtensibilityGlobals) = postSolution
		SolutionGuid = {904A8EA1-5FF7-4668-BC89-A0D5848BEA73}
	EndGlobalSection
EndGlobal
